# This file is automatically @generated by Poetry 1.6.1 and should not be changed by hand.

[[package]]
name = "pyxel"
version = "2.3.18"
description = "A retro game engine for Python"
optional = false
python-versions = ">=3.8"
files = [
    {file = "pyxel-2.3.18-cp38-abi3-macosx_10_12_x86_64.whl", hash = "sha256:202e5e528a8b3620e0f848be7adfc8a9af79030bded7d7be8e17450d69df5cc4"},
    {file = "pyxel-2.3.18-cp38-abi3-macosx_11_0_arm64.whl", hash = "sha256:4f64567dcdabdb447055283956ae4c4c911e3a95b0e7b04e4012a6b978e16a9f"},
    {file = "pyxel-2.3.18-cp38-abi3-manylinux_2_17_aarch64.manylinux2014_aarch64.whl", hash = "sha256:608197c8611d8241c004650207140616e9f31030e7208a8511e4a72ba6d93c0e"},
    {file = "pyxel-2.3.18-cp38-abi3-manylinux_2_17_armv7l.manylinux2014_armv7l.whl", hash = "sha256:8427ba49ec0a8b855ea9ed37ccdd096aaed77b9c20e2274e348cc95d3a84ad29"},
    {file = "pyxel-2.3.18-cp38-abi3-manylinux_2_17_i686.manylinux2014_i686.whl", hash = "sha256:e72e9d511bfbc1644ba819b58be3048f4dd3889be228f6dca48c4fc30d6f5fa4"},
    {file = "pyxel-2.3.18-cp38-abi3-manylinux_2_17_x86_64.manylinux2014_x86_64.whl", hash = "sha256:cc6fa7a3fc746bfe7057611caab99d12979c928dd2ba355cb5209418bab68eb4"},
    {file = "pyxel-2.3.18-cp38-abi3-win32.whl", hash = "sha256:12b257d2de2ec87a8f363a386460bbee9a092f953fa3a678a6eec97c1c9ddef5"},
    {file = "pyxel-2.3.18-cp38-abi3-win_amd64.whl", hash = "sha256:7600b087fdc4ca62b8ea82137a0d3cf5f158546fe51025cb6f44906a40356bd4"},
]

[metadata]
lock-version = "2.0"
python-versions = "^3.11"
content-hash = "2d08f1e1c30c1e0c35b5735c6c93922dcaabd2797a3d02dc467ecc5f1490554c"
